
Microsoft Visual Studio Solution File, Format Version 12.00
# Visual Studio Version 17
VisualStudioVersion = 17.1.32228.430
MinimumVisualStudioVersion = 10.0.40219.1
Project("{FAE04EC0-301F-11D3-BF4B-00C04F79EFBC}") = "Test1", "Test1\Test1.csproj", "{42240BD6-2B48-45D2-9831-0F1C41910353}"
EndProject
Project("{FAE04EC0-301F-11D3-BF4B-00C04F79EFBC}") = "T1Library", "T1Library\T1Library.csproj", "{C649D60A-3F54-4F2A-99CE-E680209BF2EC}"
EndProject
Global
	GlobalSection(SolutionConfigurationPlatforms) = preSolution
		Debug|Any CPU = Debug|Any CPU
		Release|Any CPU = Release|Any CPU
	EndGlobalSection
	GlobalSection(ProjectConfigurationPlatforms) = postSolution
		{42240BD6-2B48-45D2-9831-0F1C41910353}.Debug|Any CPU.ActiveCfg = Debug|Any CPU
		{42240BD6-2B48-45D2-9831-0F1C41910353}.Debug|Any CPU.Build.0 = Debug|Any CPU
		{42240BD6-2B48-45D2-9831-0F1C41910353}.Release|Any CPU.ActiveCfg = Release|Any CPU
		{42240BD6-2B48-45D2-9831-0F1C41910353}.Release|Any CPU.Build.0 = Release|Any CPU
		{C649D60A-3F54-4F2A-99CE-E680209BF2EC}.Debug|Any CPU.ActiveCfg = Debug|Any CPU
		{C649D60A-3F54-4F2A-99CE-E680209BF2EC}.Debug|Any CPU.Build.0 = Debug|Any CPU
		{C649D60A-3F54-4F2A-99CE-E680209BF2EC}.Release|Any CPU.ActiveCfg = Release|Any CPU
		{C649D60A-3F54-4F2A-99CE-E680209BF2EC}.Release|Any CPU.Build.0 = Release|Any CPU
	EndGlobalSection
	GlobalSection(SolutionProperties) = preSolution
		HideSolutionNode = FALSE
	EndGlobalSection
	GlobalSection(ExtensibilityGlobals) = postSolution
		SolutionGuid = {36F0DF2B-6BA6-4123-B867-D0CB1C104BCC}
	EndGlobalSection
EndGlobal
